
Microsoft Visual Studio Solution File, Format Version 12.00
# Visual Studio 15
VisualStudioVersion = 15.0.28307.705
MinimumVisualStudioVersion = 10.0.40219.1
Project("{FAE04EC0-301F-11D3-BF4B-00C04F79EFBC}") = "Xamarin.Movies.Android", "Xamarin.Movies\Xamarin.Movies.Android\Xamarin.Movies.Android.csproj", "{1FB04F38-7B44-423C-A137-654B78BCB904}"
EndProject
Project("{FAE04EC0-301F-11D3-BF4B-00C04F79EFBC}") = "Xamarin.Movies.iOS", "Xamarin.Movies\Xamarin.Movies.iOS\Xamarin.Movies.iOS.csproj", "{C791D161-3079-4C3E-9103-BCAB89BD525B}"
EndProject
Project("{FAE04EC0-301F-11D3-BF4B-00C04F79EFBC}") = "Xamarin.Movies", "Xamarin.Movies\Xamarin.Movies\Xamarin.Movies.csproj", "{24CD4C63-0E7B-4B6E-9019-569F36265601}"
EndProject
Global
	GlobalSection(SolutionConfigurationPlatforms) = preSolution
		Ad-Hoc|Any CPU = Ad-Hoc|Any CPU
		Ad-Hoc|iPhone = Ad-Hoc|iPhone
		Ad-Hoc|iPhoneSimulator = Ad-Hoc|iPhoneSimulator
		AppStore|Any CPU = AppStore|Any CPU
		AppStore|iPhone = AppStore|iPhone
		AppStore|iPhoneSimulator = AppStore|iPhoneSimulator
		Debug|Any CPU = Debug|Any CPU
		Debug|iPhone = Debug|iPhone
		Debug|iPhoneSimulator = Debug|iPhoneSimulator
		Release|Any CPU = Release|Any CPU
		Release|iPhone = Release|iPhone
		Release|iPhoneSimulator = Release|iPhoneSimulator
	EndGlobalSection
	GlobalSection(ProjectConfigurationPlatforms) = postSolution
		{1FB04F38-7B44-423C-A137-654B78BCB904}.Ad-Hoc|Any CPU.ActiveCfg = Release|Any CPU
		{1FB04F38-7B44-423C-A137-654B78BCB904}.Ad-Hoc|Any CPU.Build.0 = Release|Any CPU
		{1FB04F38-7B44-423C-A137-654B78BCB904}.Ad-Hoc|Any CPU.Deploy.0 = Release|Any CPU
		{1FB04F38-7B44-423C-A137-654B78BCB904}.Ad-Hoc|iPhone.ActiveCfg = Release|Any CPU
		{1FB04F38-7B44-423C-A137-654B78BCB904}.Ad-Hoc|iPhone.Build.0 = Release|Any CPU
		{1FB04F38-7B44-423C-A137-654B78BCB904}.Ad-Hoc|iPhone.Deploy.0 = Release|Any CPU
		{1FB04F38-7B44-423C-A137-654B78BCB904}.Ad-Hoc|iPhoneSimulator.ActiveCfg = Release|Any CPU
		{1FB04F38-7B44-423C-A137-654B78BCB904}.Ad-Hoc|iPhoneSimulator.Build.0 = Release|Any CPU
		{1FB04F38-7B44-423C-A137-654B78BCB904}.Ad-Hoc|iPhoneSimulator.Deploy.0 = Release|Any CPU
		{1FB04F38-7B44-423C-A137-654B78BCB904}.AppStore|Any CPU.ActiveCfg = Release|Any CPU
		{1FB04F38-7B44-423C-A137-654B78BCB904}.AppStore|Any CPU.Build.0 = Release|Any CPU
		{1FB04F38-7B44-423C-A137-654B78BCB904}.AppStore|Any CPU.Deploy.0 = Release|Any CPU
		{1FB04F38-7B44-423C-A137-654B78BCB904}.AppStore|iPhone.ActiveCfg = Release|Any CPU
		{1FB04F38-7B44-423C-A137-654B78BCB904}.AppStore|iPhone.Build.0 = Release|Any CPU
		{1FB04F38-7B44-423C-A137-654B78BCB904}.AppStore|iPhone.Deploy.0 = Release|Any CPU
		{1FB04F38-7B44-423C-A137-654B78BCB904}.AppStore|iPhoneSimulator.ActiveCfg = Release|Any CPU
		{1FB04F38-7B44-423C-A137-654B78BCB904}.AppStore|iPhoneSimulator.Build.0 = Release|Any CPU
		{1FB04F38-7B44-423C-A137-654B78BCB904}.AppStore|iPhoneSimulator.Deploy.0 = Release|Any CPU
		{1FB04F38-7B44-423C-A137-654B78BCB904}.Debug|Any CPU.ActiveCfg = Debug|Any CPU
		{1FB04F38-7B44-423C-A137-654B78BCB904}.Debug|Any CPU.Build.0 = Debug|Any CPU
		{1FB04F38-7B44-423C-A137-654B78BCB904}.Debug|Any CPU.Deploy.0 = Debug|Any CPU
		{1FB04F38-7B44-423C-A137-654B78BCB904}.Debug|iPhone.ActiveCfg = Debug|Any CPU
		{1FB04F38-7B44-423C-A137-654B78BCB904}.Debug|iPhone.Build.0 = Debug|Any CPU
		{1FB04F38-7B44-423C-A137-654B78BCB904}.Debug|iPhone.Deploy.0 = Debug|Any CPU
		{1FB04F38-7B44-423C-A137-654B78BCB904}.Debug|iPhoneSimulator.ActiveCfg = Debug|Any CPU
		{1FB04F38-7B44-423C-A137-654B78BCB904}.Debug|iPhoneSimulator.Build.0 = Debug|Any CPU
		{1FB04F38-7B44-423C-A137-654B78BCB904}.Debug|iPhoneSimulator.Deploy.0 = Debug|Any CPU
		{1FB04F38-7B44-423C-A137-654B78BCB904}.Release|Any CPU.ActiveCfg = Release|Any CPU
		{1FB04F38-7B44-423C-A137-654B78BCB904}.Release|Any CPU.Build.0 = Release|Any CPU
		{1FB04F38-7B44-423C-A137-654B78BCB904}.Release|Any CPU.Deploy.0 = Release|Any CPU
		{1FB04F38-7B44-423C-A137-654B78BCB904}.Release|iPhone.ActiveCfg = Release|Any CPU
		{1FB04F38-7B44-423C-A137-654B78BCB904}.Release|iPhone.Build.0 = Release|Any CPU
		{1FB04F38-7B44-423C-A137-654B78BCB904}.Release|iPhone.Deploy.0 = Release|Any CPU
		{1FB04F38-7B44-423C-A137-654B78BCB904}.Release|iPhoneSimulator.ActiveCfg = Release|Any CPU
		{1FB04F38-7B44-423C-A137-654B78BCB904}.Release|iPhoneSimulator.Build.0 = Release|Any CPU
		{1FB04F38-7B44-423C-A137-654B78BCB904}.Release|iPhoneSimulator.Deploy.0 = Release|Any CPU
		{C791D161-3079-4C3E-9103-BCAB89BD525B}.Ad-Hoc|Any CPU.ActiveCfg = Ad-Hoc|iPhone
		{C791D161-3079-4C3E-9103-BCAB89BD525B}.Ad-Hoc|Any CPU.Build.0 = Ad-Hoc|iPhone
		{C791D161-3079-4C3E-9103-BCAB89BD525B}.Ad-Hoc|Any CPU.Deploy.0 = Ad-Hoc|iPhone
		{C791D161-3079-4C3E-9103-BCAB89BD525B}.Ad-Hoc|iPhone.ActiveCfg = Ad-Hoc|iPhone
		{C791D161-3079-4C3E-9103-BCAB89BD525B}.Ad-Hoc|iPhone.Build.0 = Ad-Hoc|iPhone
		{C791D161-3079-4C3E-9103-BCAB89BD525B}.Ad-Hoc|iPhone.Deploy.0 = Ad-Hoc|iPhone
		{C791D161-3079-4C3E-9103-BCAB89BD525B}.Ad-Hoc|iPhoneSimulator.ActiveCfg = Ad-Hoc|iPhoneSimulator
		{C791D161-3079-4C3E-9103-BCAB89BD525B}.Ad-Hoc|iPhoneSimulator.Build.0 = Ad-Hoc|iPhoneSimulator
		{C791D161-3079-4C3E-9103-BCAB89BD525B}.Ad-Hoc|iPhoneSimulator.Deploy.0 = Ad-Hoc|iPhoneSimulator
		{C791D161-3079-4C3E-9103-BCAB89BD525B}.AppStore|Any CPU.ActiveCfg = AppStore|iPhone
		{C791D161-3079-4C3E-9103-BCAB89BD525B}.AppStore|Any CPU.Build.0 = AppStore|iPhone
		{C791D161-3079-4C3E-9103-BCAB89BD525B}.AppStore|Any CPU.Deploy.0 = AppStore|iPhone
		{C791D161-3079-4C3E-9103-BCAB89BD525B}.AppStore|iPhone.ActiveCfg = AppStore|iPhone
		{C791D161-3079-4C3E-9103-BCAB89BD525B}.AppStore|iPhone.Build.0 = AppStore|iPhone
		{C791D161-3079-4C3E-9103-BCAB89BD525B}.AppStore|iPhone.Deploy.0 = AppStore|iPhone
		{C791D161-3079-4C3E-9103-BCAB89BD525B}.AppStore|iPhoneSimulator.ActiveCfg = AppStore|iPhoneSimulator
		{C791D161-3079-4C3E-9103-BCAB89BD525B}.AppStore|iPhoneSimulator.Build.0 = AppStore|iPhoneSimulator
		{C791D161-3079-4C3E-9103-BCAB89BD525B}.AppStore|iPhoneSimulator.Deploy.0 = AppStore|iPhoneSimulator
		{C791D161-3079-4C3E-9103-BCAB89BD525B}.Debug|Any CPU.ActiveCfg = Debug|iPhoneSimulator
		{C791D161-3079-4C3E-9103-BCAB89BD525B}.Debug|Any CPU.Build.0 = Debug|iPhoneSimulator
		{C791D161-3079-4C3E-9103-BCAB89BD525B}.Debug|Any CPU.Deploy.0 = Debug|iPhoneSimulator
		{C791D161-3079-4C3E-9103-BCAB89BD525B}.Debug|iPhone.ActiveCfg = Debug|iPhone
		{C791D161-3079-4C3E-9103-BCAB89BD525B}.Debug|iPhone.Build.0 = Debug|iPhone
		{C791D161-3079-4C3E-9103-BCAB89BD525B}.Debug|iPhone.Deploy.0 = Debug|iPhone
		{C791D161-3079-4C3E-9103-BCAB89BD525B}.Debug|iPhoneSimulator.ActiveCfg = Debug|iPhoneSimulator
		{C791D161-3079-4C3E-9103-BCAB89BD525B}.Debug|iPhoneSimulator.Build.0 = Debug|iPhoneSimulator
		{C791D161-3079-4C3E-9103-BCAB89BD525B}.Debug|iPhoneSimulator.Deploy.0 = Debug|iPhoneSimulator
		{C791D161-3079-4C3E-9103-BCAB89BD525B}.Release|Any CPU.ActiveCfg = Release|iPhone
		{C791D161-3079-4C3E-9103-BCAB89BD525B}.Release|Any CPU.Build.0 = Release|iPhone
		{C791D161-3079-4C3E-9103-BCAB89BD525B}.Release|Any CPU.Deploy.0 = Release|iPhone
		{C791D161-3079-4C3E-9103-BCAB89BD525B}.Release|iPhone.ActiveCfg = Release|iPhone
		{C791D161-3079-4C3E-9103-BCAB89BD525B}.Release|iPhone.Build.0 = Release|iPhone
		{C791D161-3079-4C3E-9103-BCAB89BD525B}.Release|iPhone.Deploy.0 = Release|iPhone
		{C791D161-3079-4C3E-9103-BCAB89BD525B}.Release|iPhoneSimulator.ActiveCfg = Release|iPhoneSimulator
		{C791D161-3079-4C3E-9103-BCAB89BD525B}.Release|iPhoneSimulator.Build.0 = Release|iPhoneSimulator
		{C791D161-3079-4C3E-9103-BCAB89BD525B}.Release|iPhoneSimulator.Deploy.0 = Release|iPhoneSimulator
		{24CD4C63-0E7B-4B6E-9019-569F36265601}.Ad-Hoc|Any CPU.ActiveCfg = Debug|Any CPU
		{24CD4C63-0E7B-4B6E-9019-569F36265601}.Ad-Hoc|Any CPU.Build.0 = Debug|Any CPU
		{24CD4C63-0E7B-4B6E-9019-569F36265601}.Ad-Hoc|Any CPU.Deploy.0 = Debug|Any CPU
		{24CD4C63-0E7B-4B6E-9019-569F36265601}.Ad-Hoc|iPhone.ActiveCfg = Debug|Any CPU
		{24CD4C63-0E7B-4B6E-9019-569F36265601}.Ad-Hoc|iPhone.Build.0 = Debug|Any CPU
		{24CD4C63-0E7B-4B6E-9019-569F36265601}.Ad-Hoc|iPhone.Deploy.0 = Debug|Any CPU
		{24CD4C63-0E7B-4B6E-9019-569F36265601}.Ad-Hoc|iPhoneSimulator.ActiveCfg = Debug|Any CPU
		{24CD4C63-0E7B-4B6E-9019-569F36265601}.Ad-Hoc|iPhoneSimulator.Build.0 = Debug|Any CPU
		{24CD4C63-0E7B-4B6E-9019-569F36265601}.Ad-Hoc|iPhoneSimulator.Deploy.0 = Debug|Any CPU
		{24CD4C63-0E7B-4B6E-9019-569F36265601}.AppStore|Any CPU.ActiveCfg = Debug|Any CPU
		{24CD4C63-0E7B-4B6E-9019-569F36265601}.AppStore|Any CPU.Build.0 = Debug|Any CPU
		{24CD4C63-0E7B-4B6E-9019-569F36265601}.AppStore|Any CPU.Deploy.0 = Debug|Any CPU
		{24CD4C63-0E7B-4B6E-9019-569F36265601}.AppStore|iPhone.ActiveCfg = Debug|Any CPU
		{24CD4C63-0E7B-4B6E-9019-569F36265601}.AppStore|iPhone.Build.0 = Debug|Any CPU
		{24CD4C63-0E7B-4B6E-9019-569F36265601}.AppStore|iPhone.Deploy.0 = Debug|Any CPU
		{24CD4C63-0E7B-4B6E-9019-569F36265601}.AppStore|iPhoneSimulator.ActiveCfg = Debug|Any CPU
		{24CD4C63-0E7B-4B6E-9019-569F36265601}.AppStore|iPhoneSimulator.Build.0 = Debug|Any CPU
		{24CD4C63-0E7B-4B6E-9019-569F36265601}.AppStore|iPhoneSimulator.Deploy.0 = Debug|Any CPU
		{24CD4C63-0E7B-4B6E-9019-569F36265601}.Debug|Any CPU.ActiveCfg = Debug|Any CPU
		{24CD4C63-0E7B-4B6E-9019-569F36265601}.Debug|Any CPU.Build.0 = Debug|Any CPU
		{24CD4C63-0E7B-4B6E-9019-569F36265601}.Debug|Any CPU.Deploy.0 = Debug|Any CPU
		{24CD4C63-0E7B-4B6E-9019-569F36265601}.Debug|iPhone.ActiveCfg = Debug|Any CPU
		{24CD4C63-0E7B-4B6E-9019-569F36265601}.Debug|iPhone.Build.0 = Debug|Any CPU
		{24CD4C63-0E7B-4B6E-9019-569F36265601}.Debug|iPhone.Deploy.0 = Debug|Any CPU
		{24CD4C63-0E7B-4B6E-9019-569F36265601}.Debug|iPhoneSimulator.ActiveCfg = Debug|Any CPU
		{24CD4C63-0E7B-4B6E-9019-569F36265601}.Debug|iPhoneSimulator.Build.0 = Debug|Any CPU
		{24CD4C63-0E7B-4B6E-9019-569F36265601}.Debug|iPhoneSimulator.Deploy.0 = Debug|Any CPU
		{24CD4C63-0E7B-4B6E-9019-569F36265601}.Release|Any CPU.ActiveCfg = Release|Any CPU
		{24CD4C63-0E7B-4B6E-9019-569F36265601}.Release|Any CPU.Build.0 = Release|Any CPU
		{24CD4C63-0E7B-4B6E-9019-569F36265601}.Release|Any CPU.Deploy.0 = Release|Any CPU
		{24CD4C63-0E7B-4B6E-9019-569F36265601}.Release|iPhone.ActiveCfg = Release|Any CPU
		{24CD4C63-0E7B-4B6E-9019-569F36265601}.Release|iPhone.Build.0 = Release|Any CPU
		{24CD4C63-0E7B-4B6E-9019-569F36265601}.Release|iPhone.Deploy.0 = Release|Any CPU
		{24CD4C63-0E7B-4B6E-9019-569F36265601}.Release|iPhoneSimulator.ActiveCfg = Release|Any CPU
		{24CD4C63-0E7B-4B6E-9019-569F36265601}.Release|iPhoneSimulator.Build.0 = Release|Any CPU
		{24CD4C63-0E7B-4B6E-9019-569F36265601}.Release|iPhoneSimulator.Deploy.0 = Release|Any CPU
	EndGlobalSection
	GlobalSection(SolutionProperties) = preSolution
		HideSolutionNode = FALSE
	EndGlobalSection
	GlobalSection(ExtensibilityGlobals) = postSolution
		SolutionGuid = {FFEAC5B6-FFCF-4633-BC5C-1909F365819D}
	EndGlobalSection
EndGlobal
